// !$*UTF8*$!
{
	archiveVersion = 1;
	classes = {
	};
	objectVersion = 48;
	objects = {

/* Begin PBXBuildFile section */
		1675AB952051BE71004E7B71 /* AppDelegate.swift in Sources */ = {isa = PBXBuildFile; fileRef = 1675AB942051BE71004E7B71 /* AppDelegate.swift */; };
		1675AB972051BE71004E7B71 /* ViewController.swift in Sources */ = {isa = PBXBuildFile; fileRef = 1675AB962051BE71004E7B71 /* ViewController.swift */; };
		1675AB9A2051BE71004E7B71 /* Main.storyboard in Resources */ = {isa = PBXBuildFile; fileRef = 1675AB982051BE71004E7B71 /* Main.storyboard */; };
		1675AB9C2051BE71004E7B71 /* Assets.xcassets in Resources */ = {isa = PBXBuildFile; fileRef = 1675AB9B2051BE71004E7B71 /* Assets.xcassets */; };
		1675AB9F2051BE71004E7B71 /* LaunchScreen.storyboard in Resources */ = {isa = PBXBuildFile; fileRef = 1675AB9D2051BE71004E7B71 /* LaunchScreen.storyboard */; };
/* End PBXBuildFile section */

/* Begin PBXFileReference section */
		1675AB912051BE71004E7B71 /* ToDoEy2.app */ = {isa = PBXFileReference; explicitFileType = wrapper.application; includeInIndex = 0; path = ToDoEy2.app; sourceTree = BUILT_PRODUCTS_DIR; };
		1675AB942051BE71004E7B71 /* AppDelegate.swift */ = {isa = PBXFileReference; lastKnownFileType = sourcecode.swift; path = AppDelegate.swift; sourceTree = "<group>"; };
		1675AB962051BE71004E7B71 /* ViewController.swift */ = {isa = PBXFileReference; lastKnownFileType = sourcecode.swift; path = ViewController.swift; sourceTree = "<group>"; };
		1675AB992051BE71004E7B71 /* Base */ = {isa = PBXFileReference; lastKnownFileType = file.storyboard; name = Base; path = Base.lproj/Main.storyboard; sourceTree = "<group>"; };
		1675AB9B2051BE71004E7B71 /* Assets.xcassets */ = {isa = PBXFileReference; lastKnownFileType = folder.assetcatalog; path = Assets.xcassets; sourceTree = "<group>"; };
		1675AB9E2051BE71004E7B71 /* Base */ = {isa = PBXFileReference; lastKnownFileType = file.storyboard; name = Base; path = Base.lproj/LaunchScreen.storyboard; sourceTree = "<group>"; };
		1675ABA02051BE71004E7B71 /* Info.plist */ = {isa = PBXFileReference; lastKnownFileType = text.plist.xml; path = Info.plist; sourceTree = "<group>"; };
/* End PBXFileReference section */

/* Begin PBXFrameworksBuildPhase section */
		1675AB8E2051BE71004E7B71 /* Frameworks */ = {
			isa = PBXFrameworksBuildPhase;
			buildActionMask = 2147483647;
			files = (
			);
			runOnlyForDeploymentPostprocessing = 0;
		};
/* End PBXFrameworksBuildPhase section */

/* Begin PBXGroup section */
		1675AB882051BE71004E7B71 = {
			isa = PBXGroup;
			children = (
				1675AB932051BE71004E7B71 /* ToDoEy2 */,
				1675AB922051BE71004E7B71 /* Products */,
			);
			sourceTree = "<group>";
		};
		1675AB922051BE71004E7B71 /* Products */ = {
			isa = PBXGroup;
			children = (
				1675AB912051BE71004E7B71 /* ToDoEy2.app */,
			);
			name = Products;
			sourceTree = "<group>";
		};
		1675AB932051BE71004E7B71 /* ToDoEy2 */ = {
			isa = PBXGroup;
			children = (
				1675AB942051BE71004E7B71 /* AppDelegate.swift */,
				1675AB962051BE71004E7B71 /* ViewController.swift */,
				1675AB982051BE71004E7B71 /* Main.storyboard */,
				1675AB9B2051BE71004E7B71 /* Assets.xcassets */,
				1675AB9D2051BE71004E7B71 /* LaunchScreen.storyboard */,
				1675ABA02051BE71004E7B71 /* Info.plist */,
			);
			path = ToDoEy2;
			sourceTree = "<group>";
		};
/* End PBXGroup section */

/* Begin PBXNativeTarget section */
		1675AB902051BE71004E7B71 /* ToDoEy2 */ = {
			isa = PBXNativeTarget;
			buildConfigurationList = 1675ABA32051BE71004E7B71 /* Build configuration list for PBXNativeTarget "ToDoEy2" */;
			buildPhases = (
				1675AB8D2051BE71004E7B71 /* Sources */,
				1675AB8E2051BE71004E7B71 /* Frameworks */,
				1675AB8F2051BE71004E7B71 /* Resources */,
			);
			buildRules = (
			);
			dependencies = (
			);
			name = ToDoEy2;
			productName = ToDoEy2;
			productReference = 1675AB912051BE71004E7B71 /* ToDoEy2.app */;
			productType = "com.apple.product-type.application";
		};
/* End PBXNativeTarget section */

/* Begin PBXProject section */
		1675AB892051BE71004E7B71 /* Project object */ = {
			isa = PBXProject;
			attributes = {
				LastSwiftUpdateCheck = 0920;
				LastUpgradeCheck = 0920;
				ORGANIZATIONNAME = "Alieksiei martins";
				TargetAttributes = {
					1675AB902051BE71004E7B71 = {
						CreatedOnToolsVersion = 9.2;
						ProvisioningStyle = Automatic;
					};
				};
			};
			buildConfigurationList = 1675AB8C2051BE71004E7B71 /* Build configuration list for PBXProject "ToDoEy2" */;
			compatibilityVersion = "Xcode 8.0";
			developmentRegion = en;
			hasScannedForEncodings = 0;
			knownRegions = (
				en,
				Base,
			);
			mainGroup = 1675AB882051BE71004E7B71;
			productRefGroup = 1675AB922051BE71004E7B71 /* Products */;
			projectDirPath = "";
			projectRoot = "";
			targets = (
				1675AB902051BE71004E7B71 /* ToDoEy2 */,
			);
		};
/* End PBXProject section */

/* Begin PBXResourcesBuildPhase section */
		1675AB8F2051BE71004E7B71 /* Resources */ = {
			isa = PBXResourcesBuildPhase;
			buildActionMask = 2147483647;
			files = (
				1675AB9F2051BE71004E7B71 /* LaunchScreen.storyboard in Resources */,
				1675AB9C2051BE71004E7B71 /* Assets.xcassets in Resources */,
				1675AB9A2051BE71004E7B71 /* Main.storyboard in Resources */,
			);
			runOnlyForDeploymentPostprocessing = 0;
		};
/* End PBXResourcesBuildPhase section */

/* Begin PBXSourcesBuildPhase section */
		1675AB8D2051BE71004E7B71 /* Sources */ = {
			isa = PBXSourcesBuildPhase;
			buildActionMask = 2147483647;
			files = (
				1675AB972051BE71004E7B71 /* ViewController.swift in Sources */,
				1675AB952051BE71004E7B71 /* AppDelegate.swift in Sources */,
			);
			runOnlyForDeploymentPostprocessing = 0;
		};
/* End PBXSourcesBuildPhase section */

/* Begin PBXVariantGroup section */
		1675AB982051BE71004E7B71 /* Main.storyboard */ = {
			isa = PBXVariantGroup;
			children = (
				1675AB992051BE71004E7B71 /* Base */,
			);
			name = Main.storyboard;
			sourceTree = "<group>";
		};
		1675AB9D2051BE71004E7B71 /* LaunchScreen.storyboard */ = {
			isa = PBXVariantGroup;
			children = (
				1675AB9E2051BE71004E7B71 /* Base */,
			);
			name = LaunchScreen.storyboard;
			sourceTree = "<group>";
		};
/* End PBXVariantGroup section */

/* Begin XCBuildConfiguration section */
		1675ABA12051BE71004E7B71 /* Debug */ = {
			isa = XCBuildConfiguration;
			buildSettings = {
				ALWAYS_SEARCH_USER_PATHS = NO;
				CLANG_ANALYZER_NONNULL = YES;
				CLANG_ANALYZER_NUMBER_OBJECT_CONVERSION = YES_AGGRESSIVE;
				CLANG_CXX_LANGUAGE_STANDARD = "gnu++14";
				CLANG_CXX_LIBRARY = "libc++";
				CLANG_ENABLE_MODULES = YES;
				CLANG_ENABLE_OBJC_ARC = YES;
				CLANG_WARN_BLOCK_CAPTURE_AUTORELEASING = YES;
				CLANG_WARN_BOOL_CONVERSION = YES;
				CLANG_WARN_COMMA = YES;
				CLANG_WARN_CONSTANT_CONVERSION = YES;
				CLANG_WARN_DIRECT_OBJC_ISA_USAGE = YES_ERROR;
				CLANG_WARN_DOCUMENTATION_COMMENTS = YES;
				CLANG_WARN_EMPTY_BODY = YES;
				CLANG_WARN_ENUM_CONVERSION = YES;
				CLANG_WARN_INFINITE_RECURSION = YES;
				CLANG_WARN_INT_CONVERSION = YES;
				CLANG_WARN_NON_LITERAL_NULL_CONVERSION = YES;
				CLANG_WARN_OBJC_LITERAL_CONVERSION = YES;
				CLANG_WARN_OBJC_ROOT_CLASS = YES_ERROR;
				CLANG_WARN_RANGE_LOOP_ANALYSIS = YES;
				CLANG_WARN_STRICT_PROTOTYPES = YES;
				CLANG_WARN_SUSPICIOUS_MOVE = YES;
				CLANG_WARN_UNGUARDED_AVAILABILITY = YES_AGGRESSIVE;
				CLANG_WARN_UNREACHABLE_CODE = YES;
				CLANG_WARN__DUPLICATE_METHOD_MATCH = YES;
				CODE_SIGN_IDENTITY = "iPhone Developer";
				COPY_PHASE_STRIP = NO;
				DEBUG_INFORMATION_FORMAT = dwarf;
				ENABLE_STRICT_OBJC_MSGSEND = YES;
				ENABLE_TESTABILITY = YES;
				GCC_C_LANGUAGE_STANDARD = gnu11;
				GCC_DYNAMIC_NO_PIC = NO;
				GCC_NO_COMMON_BLOCKS = YES;
				GCC_OPTIMIZATION_LEVEL = 0;
				GCC_PREPROCESSOR_DEFINITIONS = (
					"DEBUG=1",
					"$(inherited)",
				);
				GCC_WARN_64_TO_32_BIT_CONVERSION = YES;
				GCC_WARN_ABOUT_RETURN_TYPE = YES_ERROR;
				GCC_WARN_UNDECLARED_SELECTOR = YES;
				GCC_WARN_UNINITIALIZED_AUTOS = YES_AGGRESSIVE;
				GCC_WARN_UNUSED_FUNCTION = YES;
				GCC_WARN_UNUSED_VARIABLE = YES;
				IPHONEOS_DEPLOYMENT_TARGET = 11.2;
				MTL_ENABLE_DEBUG_INFO = YES;
				ONLY_ACTIVE_ARCH = YES;
				SDKROOT = iphoneos;
				SWIFT_ACTIVE_COMPILATION_CONDITIONS = DEBUG;
				SWIFT_OPTIMIZATION_LEVEL = "-Onone";
			};
			name = Debug;
		};
		1675ABA22051BE71004E7B71 /* Release */ = {
			isa = XCBuildConfiguration;
			buildSettings = {
				ALWAYS_SEARCH_USER_PATHS = NO;
				CLANG_ANALYZER_NONNULL = YES;
				CLANG_ANALYZER_NUMBER_OBJECT_CONVERSION = YES_AGGRESSIVE;
				CLANG_CXX_LANGUAGE_STANDARD = "gnu++14";
				CLANG_CXX_LIBRARY = "libc++";
				CLANG_ENABLE_MODULES = YES;
				CLANG_ENABLE_OBJC_ARC = YES;
				CLANG_WARN_BLOCK_CAPTURE_AUTORELEASING = YES;
				CLANG_WARN_BOOL_CONVERSION = YES;
				CLANG_WARN_COMMA = YES;
				CLANG_WARN_CONSTANT_CONVERSION = YES;
				CLANG_WARN_DIRECT_OBJC_ISA_USAGE = YES_ERROR;
				CLANG_WARN_DOCUMENTATION_COMMENTS = YES;
				CLANG_WARN_EMPTY_BODY = YES;
				CLANG_WARN_ENUM_CONVERSION = YES;
				CLANG_WARN_INFINITE_RECURSION = YES;
				CLANG_WARN_INT_CONVERSION = YES;
				CLANG_WARN_NON_LITERAL_NULL_CONVERSION = YES;
				CLANG_WARN_OBJC_LITERAL_CONVERSION = YES;
				CLANG_WARN_OBJC_ROOT_CLASS = YES_ERROR;
				CLANG_WARN_RANGE_LOOP_ANALYSIS = YES;
				CLANG_WARN_STRICT_PROTOTYPES = YES;
				CLANG_WARN_SUSPICIOUS_MOVE = YES;
				CLANG_WARN_UNGUARDED_AVAILABILITY = YES_AGGRESSIVE;
				CLANG_WARN_UNREACHABLE_CODE = YES;
				CLANG_WARN__DUPLICATE_METHOD_MATCH = YES;
				CODE_SIGN_IDENTITY = "iPhone Developer";
				COPY_PHASE_STRIP = NO;
				DEBUG_INFORMATION_FORMAT = "dwarf-with-dsym";
				ENABLE_NS_ASSERTIONS = NO;
				ENABLE_STRICT_OBJC_MSGSEND = YES;
				GCC_C_LANGUAGE_STANDARD = gnu11;
				GCC_NO_COMMON_BLOCKS = YES;
				GCC_WARN_64_TO_32_BIT_CONVERSION = YES;
				GCC_WARN_ABOUT_RETURN_TYPE = YES_ERROR;
				GCC_WARN_UNDECLARED_SELECTOR = YES;
				GCC_WARN_UNINITIALIZED_AUTOS = YES_AGGRESSIVE;
				GCC_WARN_UNUSED_FUNCTION = YES;
				GCC_WARN_UNUSED_VARIABLE = YES;
				IPHONEOS_DEPLOYMENT_TARGET = 11.2;
				MTL_ENABLE_DEBUG_INFO = NO;
				SDKROOT = iphoneos;
				SWIFT_OPTIMIZATION_LEVEL = "-Owholemodule";
				VALIDATE_PRODUCT = YES;
			};
			name = Release;
		};
		1675ABA42051BE71004E7B71 /* Debug */ = {
			isa = XCBuildConfiguration;
			buildSettings = {
				ASSETCATALOG_COMPILER_APPICON_NAME = AppIcon;
				CODE_SIGN_STYLE = Automatic;
				DEVELOPMENT_TEAM = 5XCH27E7V4;
				INFOPLIST_FILE = ToDoEy2/Info.plist;
				LD_RUNPATH_SEARCH_PATHS = "$(inherited) @executable_path/Frameworks";
				PRODUCT_BUNDLE_IDENTIFIER = com.alimartins.ToDoEy2;
				PRODUCT_NAME = "$(TARGET_NAME)";
				SWIFT_VERSION = 4.0;
				TARGETED_DEVICE_FAMILY = "1,2";
			};
			name = Debug;
		};
		1675ABA52051BE71004E7B71 /* Release */ = {
			isa = XCBuildConfiguration;
			buildSettings = {
				ASSETCATALOG_COMPILER_APPICON_NAME = AppIcon;
				CODE_SIGN_STYLE = Automatic;
				DEVELOPMENT_TEAM = 5XCH27E7V4;
				INFOPLIST_FILE = ToDoEy2/Info.plist;
				LD_RUNPATH_SEARCH_PATHS = "$(inherited) @executable_path/Frameworks";
				PRODUCT_BUNDLE_IDENTIFIER = com.alimartins.ToDoEy2;
				PRODUCT_NAME = "$(TARGET_NAME)";
				SWIFT_VERSION = 4.0;
				TARGETED_DEVICE_FAMILY = "1,2";
			};
			name = Release;
		};
/* End XCBuildConfiguration section */

/* Begin XCConfigurationList section */
		1675AB8C2051BE71004E7B71 /* Build configuration list for PBXProject "ToDoEy2" */ = {
			isa = XCConfigurationList;
			buildConfigurations = (
				1675ABA12051BE71004E7B71 /* Debug */,
				1675ABA22051BE71004E7B71 /* Release */,
			);
			defaultConfigurationIsVisible = 0;
			defaultConfigurationName = Release;
		};
		1675ABA32051BE71004E7B71 /* Build configuration list for PBXNativeTarget "ToDoEy2" */ = {
			isa = XCConfigurationList;
			buildConfigurations = (
				1675ABA42051BE71004E7B71 /* Debug */,
				1675ABA52051BE71004E7B71 /* Release */,
			);
			defaultConfigurationIsVisible = 0;
			defaultConfigurationName = Release;
		};
/* End XCConfigurationList section */
	};
	rootObject = 1675AB892051BE71004E7B71 /* Project object */;
}
